
Microsoft Visual Studio Solution File, Format Version 12.00
# Visual Studio 15
VisualStudioVersion = 15.0.28307.572
MinimumVisualStudioVersion = 10.0.40219.1
Project("{FAE04EC0-301F-11D3-BF4B-00C04F79EFBC}") = "TomaszZdebskiApp.Android", "TomaszZdebskiApp\TomaszZdebskiApp.Android\TomaszZdebskiApp.Android.csproj", "{419035DA-883D-41E7-9DBB-EEAE3E88A11F}"
EndProject
Project("{FAE04EC0-301F-11D3-BF4B-00C04F79EFBC}") = "TomaszZdebskiApp.iOS", "TomaszZdebskiApp\TomaszZdebskiApp.iOS\TomaszZdebskiApp.iOS.csproj", "{5BE51C56-E833-4FC2-8A2F-1D6B50CFD87B}"
EndProject
Project("{FAE04EC0-301F-11D3-BF4B-00C04F79EFBC}") = "TomaszZdebskiApp.UWP", "TomaszZdebskiApp\TomaszZdebskiApp.UWP\TomaszZdebskiApp.UWP.csproj", "{C12B1B6C-54A4-446B-ADA3-B845404B6543}"
EndProject
Project("{FAE04EC0-301F-11D3-BF4B-00C04F79EFBC}") = "TomaszZdebskiApp", "TomaszZdebskiApp\TomaszZdebskiApp\TomaszZdebskiApp.csproj", "{99E47234-F881-43EF-9780-C1F160E213DE}"
EndProject
Global
	GlobalSection(SolutionConfigurationPlatforms) = preSolution
		Ad-Hoc|Any CPU = Ad-Hoc|Any CPU
		Ad-Hoc|ARM = Ad-Hoc|ARM
		Ad-Hoc|iPhone = Ad-Hoc|iPhone
		Ad-Hoc|iPhoneSimulator = Ad-Hoc|iPhoneSimulator
		Ad-Hoc|x64 = Ad-Hoc|x64
		Ad-Hoc|x86 = Ad-Hoc|x86
		AppStore|Any CPU = AppStore|Any CPU
		AppStore|ARM = AppStore|ARM
		AppStore|iPhone = AppStore|iPhone
		AppStore|iPhoneSimulator = AppStore|iPhoneSimulator
		AppStore|x64 = AppStore|x64
		AppStore|x86 = AppStore|x86
		Debug|Any CPU = Debug|Any CPU
		Debug|ARM = Debug|ARM
		Debug|iPhone = Debug|iPhone
		Debug|iPhoneSimulator = Debug|iPhoneSimulator
		Debug|x64 = Debug|x64
		Debug|x86 = Debug|x86
		Release|Any CPU = Release|Any CPU
		Release|ARM = Release|ARM
		Release|iPhone = Release|iPhone
		Release|iPhoneSimulator = Release|iPhoneSimulator
		Release|x64 = Release|x64
		Release|x86 = Release|x86
	EndGlobalSection
	GlobalSection(ProjectConfigurationPlatforms) = postSolution
		{419035DA-883D-41E7-9DBB-EEAE3E88A11F}.Ad-Hoc|Any CPU.ActiveCfg = Release|Any CPU
		{419035DA-883D-41E7-9DBB-EEAE3E88A11F}.Ad-Hoc|Any CPU.Build.0 = Release|Any CPU
		{419035DA-883D-41E7-9DBB-EEAE3E88A11F}.Ad-Hoc|Any CPU.Deploy.0 = Release|Any CPU
		{419035DA-883D-41E7-9DBB-EEAE3E88A11F}.Ad-Hoc|ARM.ActiveCfg = Release|Any CPU
		{419035DA-883D-41E7-9DBB-EEAE3E88A11F}.Ad-Hoc|ARM.Build.0 = Release|Any CPU
		{419035DA-883D-41E7-9DBB-EEAE3E88A11F}.Ad-Hoc|ARM.Deploy.0 = Release|Any CPU
		{419035DA-883D-41E7-9DBB-EEAE3E88A11F}.Ad-Hoc|iPhone.ActiveCfg = Release|Any CPU
		{419035DA-883D-41E7-9DBB-EEAE3E88A11F}.Ad-Hoc|iPhone.Build.0 = Release|Any CPU
		{419035DA-883D-41E7-9DBB-EEAE3E88A11F}.Ad-Hoc|iPhone.Deploy.0 = Release|Any CPU
		{419035DA-883D-41E7-9DBB-EEAE3E88A11F}.Ad-Hoc|iPhoneSimulator.ActiveCfg = Release|Any CPU
		{419035DA-883D-41E7-9DBB-EEAE3E88A11F}.Ad-Hoc|iPhoneSimulator.Build.0 = Release|Any CPU
		{419035DA-883D-41E7-9DBB-EEAE3E88A11F}.Ad-Hoc|iPhoneSimulator.Deploy.0 = Release|Any CPU
		{419035DA-883D-41E7-9DBB-EEAE3E88A11F}.Ad-Hoc|x64.ActiveCfg = Release|Any CPU
		{419035DA-883D-41E7-9DBB-EEAE3E88A11F}.Ad-Hoc|x64.Build.0 = Release|Any CPU
		{419035DA-883D-41E7-9DBB-EEAE3E88A11F}.Ad-Hoc|x64.Deploy.0 = Release|Any CPU
		{419035DA-883D-41E7-9DBB-EEAE3E88A11F}.Ad-Hoc|x86.ActiveCfg = Release|Any CPU
		{419035DA-883D-41E7-9DBB-EEAE3E88A11F}.Ad-Hoc|x86.Build.0 = Release|Any CPU
		{419035DA-883D-41E7-9DBB-EEAE3E88A11F}.Ad-Hoc|x86.Deploy.0 = Release|Any CPU
		{419035DA-883D-41E7-9DBB-EEAE3E88A11F}.AppStore|Any CPU.ActiveCfg = Release|Any CPU
		{419035DA-883D-41E7-9DBB-EEAE3E88A11F}.AppStore|Any CPU.Build.0 = Release|Any CPU
		{419035DA-883D-41E7-9DBB-EEAE3E88A11F}.AppStore|Any CPU.Deploy.0 = Release|Any CPU
		{419035DA-883D-41E7-9DBB-EEAE3E88A11F}.AppStore|ARM.ActiveCfg = Release|Any CPU
		{419035DA-883D-41E7-9DBB-EEAE3E88A11F}.AppStore|ARM.Build.0 = Release|Any CPU
		{419035DA-883D-41E7-9DBB-EEAE3E88A11F}.AppStore|ARM.Deploy.0 = Release|Any CPU
		{419035DA-883D-41E7-9DBB-EEAE3E88A11F}.AppStore|iPhone.ActiveCfg = Release|Any CPU
		{419035DA-883D-41E7-9DBB-EEAE3E88A11F}.AppStore|iPhone.Build.0 = Release|Any CPU
		{419035DA-883D-41E7-9DBB-EEAE3E88A11F}.AppStore|iPhone.Deploy.0 = Release|Any CPU
		{419035DA-883D-41E7-9DBB-EEAE3E88A11F}.AppStore|iPhoneSimulator.ActiveCfg = Release|Any CPU
		{419035DA-883D-41E7-9DBB-EEAE3E88A11F}.AppStore|iPhoneSimulator.Build.0 = Release|Any CPU
		{419035DA-883D-41E7-9DBB-EEAE3E88A11F}.AppStore|iPhoneSimulator.Deploy.0 = Release|Any CPU
		{419035DA-883D-41E7-9DBB-EEAE3E88A11F}.AppStore|x64.ActiveCfg = Release|Any CPU
		{419035DA-883D-41E7-9DBB-EEAE3E88A11F}.AppStore|x64.Build.0 = Release|Any CPU
		{419035DA-883D-41E7-9DBB-EEAE3E88A11F}.AppStore|x64.Deploy.0 = Release|Any CPU
		{419035DA-883D-41E7-9DBB-EEAE3E88A11F}.AppStore|x86.ActiveCfg = Release|Any CPU
		{419035DA-883D-41E7-9DBB-EEAE3E88A11F}.AppStore|x86.Build.0 = Release|Any CPU
		{419035DA-883D-41E7-9DBB-EEAE3E88A11F}.AppStore|x86.Deploy.0 = Release|Any CPU
		{419035DA-883D-41E7-9DBB-EEAE3E88A11F}.Debug|Any CPU.ActiveCfg = Debug|Any CPU
		{419035DA-883D-41E7-9DBB-EEAE3E88A11F}.Debug|Any CPU.Build.0 = Debug|Any CPU
		{419035DA-883D-41E7-9DBB-EEAE3E88A11F}.Debug|Any CPU.Deploy.0 = Debug|Any CPU
		{419035DA-883D-41E7-9DBB-EEAE3E88A11F}.Debug|ARM.ActiveCfg = Debug|Any CPU
		{419035DA-883D-41E7-9DBB-EEAE3E88A11F}.Debug|ARM.Build.0 = Debug|Any CPU
		{419035DA-883D-41E7-9DBB-EEAE3E88A11F}.Debug|ARM.Deploy.0 = Debug|Any CPU
		{419035DA-883D-41E7-9DBB-EEAE3E88A11F}.Debug|iPhone.ActiveCfg = Debug|Any CPU
		{419035DA-883D-41E7-9DBB-EEAE3E88A11F}.Debug|iPhone.Build.0 = Debug|Any CPU
		{419035DA-883D-41E7-9DBB-EEAE3E88A11F}.Debug|iPhone.Deploy.0 = Debug|Any CPU
		{419035DA-883D-41E7-9DBB-EEAE3E88A11F}.Debug|iPhoneSimulator.ActiveCfg = Debug|Any CPU
		{419035DA-883D-41E7-9DBB-EEAE3E88A11F}.Debug|iPhoneSimulator.Build.0 = Debug|Any CPU
		{419035DA-883D-41E7-9DBB-EEAE3E88A11F}.Debug|iPhoneSimulator.Deploy.0 = Debug|Any CPU
		{419035DA-883D-41E7-9DBB-EEAE3E88A11F}.Debug|x64.ActiveCfg = Debug|Any CPU
		{419035DA-883D-41E7-9DBB-EEAE3E88A11F}.Debug|x64.Build.0 = Debug|Any CPU
		{419035DA-883D-41E7-9DBB-EEAE3E88A11F}.Debug|x64.Deploy.0 = Debug|Any CPU
		{419035DA-883D-41E7-9DBB-EEAE3E88A11F}.Debug|x86.ActiveCfg = Debug|Any CPU
		{419035DA-883D-41E7-9DBB-EEAE3E88A11F}.Debug|x86.Build.0 = Debug|Any CPU
		{419035DA-883D-41E7-9DBB-EEAE3E88A11F}.Debug|x86.Deploy.0 = Debug|Any CPU
		{419035DA-883D-41E7-9DBB-EEAE3E88A11F}.Release|Any CPU.ActiveCfg = Release|Any CPU
		{419035DA-883D-41E7-9DBB-EEAE3E88A11F}.Release|Any CPU.Build.0 = Release|Any CPU
		{419035DA-883D-41E7-9DBB-EEAE3E88A11F}.Release|Any CPU.Deploy.0 = Release|Any CPU
		{419035DA-883D-41E7-9DBB-EEAE3E88A11F}.Release|ARM.ActiveCfg = Release|Any CPU
		{419035DA-883D-41E7-9DBB-EEAE3E88A11F}.Release|ARM.Build.0 = Release|Any CPU
		{419035DA-883D-41E7-9DBB-EEAE3E88A11F}.Release|ARM.Deploy.0 = Release|Any CPU
		{419035DA-883D-41E7-9DBB-EEAE3E88A11F}.Release|iPhone.ActiveCfg = Release|Any CPU
		{419035DA-883D-41E7-9DBB-EEAE3E88A11F}.Release|iPhone.Build.0 = Release|Any CPU
		{419035DA-883D-41E7-9DBB-EEAE3E88A11F}.Release|iPhone.Deploy.0 = Release|Any CPU
		{419035DA-883D-41E7-9DBB-EEAE3E88A11F}.Release|iPhoneSimulator.ActiveCfg = Release|Any CPU
		{419035DA-883D-41E7-9DBB-EEAE3E88A11F}.Release|iPhoneSimulator.Build.0 = Release|Any CPU
		{419035DA-883D-41E7-9DBB-EEAE3E88A11F}.Release|iPhoneSimulator.Deploy.0 = Release|Any CPU
		{419035DA-883D-41E7-9DBB-EEAE3E88A11F}.Release|x64.ActiveCfg = Release|Any CPU
		{419035DA-883D-41E7-9DBB-EEAE3E88A11F}.Release|x64.Build.0 = Release|Any CPU
		{419035DA-883D-41E7-9DBB-EEAE3E88A11F}.Release|x64.Deploy.0 = Release|Any CPU
		{419035DA-883D-41E7-9DBB-EEAE3E88A11F}.Release|x86.ActiveCfg = Release|Any CPU
		{419035DA-883D-41E7-9DBB-EEAE3E88A11F}.Release|x86.Build.0 = Release|Any CPU
		{419035DA-883D-41E7-9DBB-EEAE3E88A11F}.Release|x86.Deploy.0 = Release|Any CPU
		{5BE51C56-E833-4FC2-8A2F-1D6B50CFD87B}.Ad-Hoc|Any CPU.ActiveCfg = Ad-Hoc|iPhone
		{5BE51C56-E833-4FC2-8A2F-1D6B50CFD87B}.Ad-Hoc|Any CPU.Build.0 = Ad-Hoc|iPhone
		{5BE51C56-E833-4FC2-8A2F-1D6B50CFD87B}.Ad-Hoc|Any CPU.Deploy.0 = Ad-Hoc|iPhone
		{5BE51C56-E833-4FC2-8A2F-1D6B50CFD87B}.Ad-Hoc|ARM.ActiveCfg = Ad-Hoc|iPhone
		{5BE51C56-E833-4FC2-8A2F-1D6B50CFD87B}.Ad-Hoc|ARM.Build.0 = Ad-Hoc|iPhone
		{5BE51C56-E833-4FC2-8A2F-1D6B50CFD87B}.Ad-Hoc|ARM.Deploy.0 = Ad-Hoc|iPhone
		{5BE51C56-E833-4FC2-8A2F-1D6B50CFD87B}.Ad-Hoc|iPhone.ActiveCfg = Ad-Hoc|iPhone
		{5BE51C56-E833-4FC2-8A2F-1D6B50CFD87B}.Ad-Hoc|iPhone.Build.0 = Ad-Hoc|iPhone
		{5BE51C56-E833-4FC2-8A2F-1D6B50CFD87B}.Ad-Hoc|iPhone.Deploy.0 = Ad-Hoc|iPhone
		{5BE51C56-E833-4FC2-8A2F-1D6B50CFD87B}.Ad-Hoc|iPhoneSimulator.ActiveCfg = Ad-Hoc|iPhoneSimulator
		{5BE51C56-E833-4FC2-8A2F-1D6B50CFD87B}.Ad-Hoc|iPhoneSimulator.Build.0 = Ad-Hoc|iPhoneSimulator
		{5BE51C56-E833-4FC2-8A2F-1D6B50CFD87B}.Ad-Hoc|iPhoneSimulator.Deploy.0 = Ad-Hoc|iPhoneSimulator
		{5BE51C56-E833-4FC2-8A2F-1D6B50CFD87B}.Ad-Hoc|x64.ActiveCfg = Ad-Hoc|iPhone
		{5BE51C56-E833-4FC2-8A2F-1D6B50CFD87B}.Ad-Hoc|x64.Build.0 = Ad-Hoc|iPhone
		{5BE51C56-E833-4FC2-8A2F-1D6B50CFD87B}.Ad-Hoc|x64.Deploy.0 = Ad-Hoc|iPhone
		{5BE51C56-E833-4FC2-8A2F-1D6B50CFD87B}.Ad-Hoc|x86.ActiveCfg = Ad-Hoc|iPhone
		{5BE51C56-E833-4FC2-8A2F-1D6B50CFD87B}.Ad-Hoc|x86.Build.0 = Ad-Hoc|iPhone
		{5BE51C56-E833-4FC2-8A2F-1D6B50CFD87B}.Ad-Hoc|x86.Deploy.0 = Ad-Hoc|iPhone
		{5BE51C56-E833-4FC2-8A2F-1D6B50CFD87B}.AppStore|Any CPU.ActiveCfg = AppStore|iPhone
		{5BE51C56-E833-4FC2-8A2F-1D6B50CFD87B}.AppStore|Any CPU.Build.0 = AppStore|iPhone
		{5BE51C56-E833-4FC2-8A2F-1D6B50CFD87B}.AppStore|Any CPU.Deploy.0 = AppStore|iPhone
		{5BE51C56-E833-4FC2-8A2F-1D6B50CFD87B}.AppStore|ARM.ActiveCfg = AppStore|iPhone
		{5BE51C56-E833-4FC2-8A2F-1D6B50CFD87B}.AppStore|ARM.Build.0 = AppStore|iPhone
		{5BE51C56-E833-4FC2-8A2F-1D6B50CFD87B}.AppStore|ARM.Deploy.0 = AppStore|iPhone
		{5BE51C56-E833-4FC2-8A2F-1D6B50CFD87B}.AppStore|iPhone.ActiveCfg = AppStore|iPhone
		{5BE51C56-E833-4FC2-8A2F-1D6B50CFD87B}.AppStore|iPhone.Build.0 = AppStore|iPhone
		{5BE51C56-E833-4FC2-8A2F-1D6B50CFD87B}.AppStore|iPhone.Deploy.0 = AppStore|iPhone
		{5BE51C56-E833-4FC2-8A2F-1D6B50CFD87B}.AppStore|iPhoneSimulator.ActiveCfg = AppStore|iPhoneSimulator
		{5BE51C56-E833-4FC2-8A2F-1D6B50CFD87B}.AppStore|iPhoneSimulator.Build.0 = AppStore|iPhoneSimulator
		{5BE51C56-E833-4FC2-8A2F-1D6B50CFD87B}.AppStore|iPhoneSimulator.Deploy.0 = AppStore|iPhoneSimulator
		{5BE51C56-E833-4FC2-8A2F-1D6B50CFD87B}.AppStore|x64.ActiveCfg = AppStore|iPhone
		{5BE51C56-E833-4FC2-8A2F-1D6B50CFD87B}.AppStore|x64.Build.0 = AppStore|iPhone
		{5BE51C56-E833-4FC2-8A2F-1D6B50CFD87B}.AppStore|x64.Deploy.0 = AppStore|iPhone
		{5BE51C56-E833-4FC2-8A2F-1D6B50CFD87B}.AppStore|x86.ActiveCfg = AppStore|iPhone
		{5BE51C56-E833-4FC2-8A2F-1D6B50CFD87B}.AppStore|x86.Build.0 = AppStore|iPhone
		{5BE51C56-E833-4FC2-8A2F-1D6B50CFD87B}.AppStore|x86.Deploy.0 = AppStore|iPhone
		{5BE51C56-E833-4FC2-8A2F-1D6B50CFD87B}.Debug|Any CPU.ActiveCfg = Debug|iPhoneSimulator
		{5BE51C56-E833-4FC2-8A2F-1D6B50CFD87B}.Debug|Any CPU.Build.0 = Debug|iPhoneSimulator
		{5BE51C56-E833-4FC2-8A2F-1D6B50CFD87B}.Debug|Any CPU.Deploy.0 = Debug|iPhoneSimulator
		{5BE51C56-E833-4FC2-8A2F-1D6B50CFD87B}.Debug|ARM.ActiveCfg = Debug|iPhone
		{5BE51C56-E833-4FC2-8A2F-1D6B50CFD87B}.Debug|ARM.Build.0 = Debug|iPhone
		{5BE51C56-E833-4FC2-8A2F-1D6B50CFD87B}.Debug|ARM.Deploy.0 = Debug|iPhone
		{5BE51C56-E833-4FC2-8A2F-1D6B50CFD87B}.Debug|iPhone.ActiveCfg = Debug|iPhone
		{5BE51C56-E833-4FC2-8A2F-1D6B50CFD87B}.Debug|iPhone.Build.0 = Debug|iPhone
		{5BE51C56-E833-4FC2-8A2F-1D6B50CFD87B}.Debug|iPhone.Deploy.0 = Debug|iPhone
		{5BE51C56-E833-4FC2-8A2F-1D6B50CFD87B}.Debug|iPhoneSimulator.ActiveCfg = Debug|iPhoneSimulator
		{5BE51C56-E833-4FC2-8A2F-1D6B50CFD87B}.Debug|iPhoneSimulator.Build.0 = Debug|iPhoneSimulator
		{5BE51C56-E833-4FC2-8A2F-1D6B50CFD87B}.Debug|iPhoneSimulator.Deploy.0 = Debug|iPhoneSimulator
		{5BE51C56-E833-4FC2-8A2F-1D6B50CFD87B}.Debug|x64.ActiveCfg = Debug|iPhone
		{5BE51C56-E833-4FC2-8A2F-1D6B50CFD87B}.Debug|x64.Build.0 = Debug|iPhone
		{5BE51C56-E833-4FC2-8A2F-1D6B50CFD87B}.Debug|x64.Deploy.0 = Debug|iPhone
		{5BE51C56-E833-4FC2-8A2F-1D6B50CFD87B}.Debug|x86.ActiveCfg = Debug|iPhone
		{5BE51C56-E833-4FC2-8A2F-1D6B50CFD87B}.Debug|x86.Build.0 = Debug|iPhone
		{5BE51C56-E833-4FC2-8A2F-1D6B50CFD87B}.Debug|x86.Deploy.0 = Debug|iPhone
		{5BE51C56-E833-4FC2-8A2F-1D6B50CFD87B}.Release|Any CPU.ActiveCfg = Release|iPhone
		{5BE51C56-E833-4FC2-8A2F-1D6B50CFD87B}.Release|Any CPU.Build.0 = Release|iPhone
		{5BE51C56-E833-4FC2-8A2F-1D6B50CFD87B}.Release|Any CPU.Deploy.0 = Release|iPhone
		{5BE51C56-E833-4FC2-8A2F-1D6B50CFD87B}.Release|ARM.ActiveCfg = Release|iPhone
		{5BE51C56-E833-4FC2-8A2F-1D6B50CFD87B}.Release|ARM.Build.0 = Release|iPhone
		{5BE51C56-E833-4FC2-8A2F-1D6B50CFD87B}.Release|ARM.Deploy.0 = Release|iPhone
		{5BE51C56-E833-4FC2-8A2F-1D6B50CFD87B}.Release|iPhone.ActiveCfg = Release|iPhone
		{5BE51C56-E833-4FC2-8A2F-1D6B50CFD87B}.Release|iPhone.Build.0 = Release|iPhone
		{5BE51C56-E833-4FC2-8A2F-1D6B50CFD87B}.Release|iPhone.Deploy.0 = Release|iPhone
		{5BE51C56-E833-4FC2-8A2F-1D6B50CFD87B}.Release|iPhoneSimulator.ActiveCfg = Release|iPhoneSimulator
		{5BE51C56-E833-4FC2-8A2F-1D6B50CFD87B}.Release|iPhoneSimulator.Build.0 = Release|iPhoneSimulator
		{5BE51C56-E833-4FC2-8A2F-1D6B50CFD87B}.Release|iPhoneSimulator.Deploy.0 = Release|iPhoneSimulator
		{5BE51C56-E833-4FC2-8A2F-1D6B50CFD87B}.Release|x64.ActiveCfg = Release|iPhone
		{5BE51C56-E833-4FC2-8A2F-1D6B50CFD87B}.Release|x64.Build.0 = Release|iPhone
		{5BE51C56-E833-4FC2-8A2F-1D6B50CFD87B}.Release|x64.Deploy.0 = Release|iPhone
		{5BE51C56-E833-4FC2-8A2F-1D6B50CFD87B}.Release|x86.ActiveCfg = Release|iPhone
		{5BE51C56-E833-4FC2-8A2F-1D6B50CFD87B}.Release|x86.Build.0 = Release|iPhone
		{5BE51C56-E833-4FC2-8A2F-1D6B50CFD87B}.Release|x86.Deploy.0 = Release|iPhone
		{C12B1B6C-54A4-446B-ADA3-B845404B6543}.Ad-Hoc|Any CPU.ActiveCfg = Release|x86
		{C12B1B6C-54A4-446B-ADA3-B845404B6543}.Ad-Hoc|Any CPU.Build.0 = Release|x86
		{C12B1B6C-54A4-446B-ADA3-B845404B6543}.Ad-Hoc|Any CPU.Deploy.0 = Release|x86
		{C12B1B6C-54A4-446B-ADA3-B845404B6543}.Ad-Hoc|ARM.ActiveCfg = Release|ARM
		{C12B1B6C-54A4-446B-ADA3-B845404B6543}.Ad-Hoc|ARM.Build.0 = Release|ARM
		{C12B1B6C-54A4-446B-ADA3-B845404B6543}.Ad-Hoc|ARM.Deploy.0 = Release|ARM
		{C12B1B6C-54A4-446B-ADA3-B845404B6543}.Ad-Hoc|iPhone.ActiveCfg = Release|x86
		{C12B1B6C-54A4-446B-ADA3-B845404B6543}.Ad-Hoc|iPhone.Build.0 = Release|x86
		{C12B1B6C-54A4-446B-ADA3-B845404B6543}.Ad-Hoc|iPhone.Deploy.0 = Release|x86
		{C12B1B6C-54A4-446B-ADA3-B845404B6543}.Ad-Hoc|iPhoneSimulator.ActiveCfg = Release|x86
		{C12B1B6C-54A4-446B-ADA3-B845404B6543}.Ad-Hoc|iPhoneSimulator.Build.0 = Release|x86
		{C12B1B6C-54A4-446B-ADA3-B845404B6543}.Ad-Hoc|iPhoneSimulator.Deploy.0 = Release|x86
		{C12B1B6C-54A4-446B-ADA3-B845404B6543}.Ad-Hoc|x64.ActiveCfg = Release|x64
		{C12B1B6C-54A4-446B-ADA3-B845404B6543}.Ad-Hoc|x64.Build.0 = Release|x64
		{C12B1B6C-54A4-446B-ADA3-B845404B6543}.Ad-Hoc|x64.Deploy.0 = Release|x64
		{C12B1B6C-54A4-446B-ADA3-B845404B6543}.Ad-Hoc|x86.ActiveCfg = Release|x86
		{C12B1B6C-54A4-446B-ADA3-B845404B6543}.Ad-Hoc|x86.Build.0 = Release|x86
		{C12B1B6C-54A4-446B-ADA3-B845404B6543}.Ad-Hoc|x86.Deploy.0 = Release|x86
		{C12B1B6C-54A4-446B-ADA3-B845404B6543}.AppStore|Any CPU.ActiveCfg = Release|x86
		{C12B1B6C-54A4-446B-ADA3-B845404B6543}.AppStore|Any CPU.Build.0 = Release|x86
		{C12B1B6C-54A4-446B-ADA3-B845404B6543}.AppStore|Any CPU.Deploy.0 = Release|x86
		{C12B1B6C-54A4-446B-ADA3-B845404B6543}.AppStore|ARM.ActiveCfg = Release|ARM
		{C12B1B6C-54A4-446B-ADA3-B845404B6543}.AppStore|ARM.Build.0 = Release|ARM
		{C12B1B6C-54A4-446B-ADA3-B845404B6543}.AppStore|ARM.Deploy.0 = Release|ARM
		{C12B1B6C-54A4-446B-ADA3-B845404B6543}.AppStore|iPhone.ActiveCfg = Release|x86
		{C12B1B6C-54A4-446B-ADA3-B845404B6543}.AppStore|iPhone.Build.0 = Release|x86
		{C12B1B6C-54A4-446B-ADA3-B845404B6543}.AppStore|iPhone.Deploy.0 = Release|x86
		{C12B1B6C-54A4-446B-ADA3-B845404B6543}.AppStore|iPhoneSimulator.ActiveCfg = Release|x86
		{C12B1B6C-54A4-446B-ADA3-B845404B6543}.AppStore|iPhoneSimulator.Build.0 = Release|x86
		{C12B1B6C-54A4-446B-ADA3-B845404B6543}.AppStore|iPhoneSimulator.Deploy.0 = Release|x86
		{C12B1B6C-54A4-446B-ADA3-B845404B6543}.AppStore|x64.ActiveCfg = Release|x64
		{C12B1B6C-54A4-446B-ADA3-B845404B6543}.AppStore|x64.Build.0 = Release|x64
		{C12B1B6C-54A4-446B-ADA3-B845404B6543}.AppStore|x64.Deploy.0 = Release|x64
		{C12B1B6C-54A4-446B-ADA3-B845404B6543}.AppStore|x86.ActiveCfg = Release|x86
		{C12B1B6C-54A4-446B-ADA3-B845404B6543}.AppStore|x86.Build.0 = Release|x86
		{C12B1B6C-54A4-446B-ADA3-B845404B6543}.AppStore|x86.Deploy.0 = Release|x86
		{C12B1B6C-54A4-446B-ADA3-B845404B6543}.Debug|Any CPU.ActiveCfg = Debug|x86
		{C12B1B6C-54A4-446B-ADA3-B845404B6543}.Debug|Any CPU.Build.0 = Debug|x86
		{C12B1B6C-54A4-446B-ADA3-B845404B6543}.Debug|Any CPU.Deploy.0 = Debug|x86
		{C12B1B6C-54A4-446B-ADA3-B845404B6543}.Debug|ARM.ActiveCfg = Debug|ARM
		{C12B1B6C-54A4-446B-ADA3-B845404B6543}.Debug|ARM.Build.0 = Debug|ARM
		{C12B1B6C-54A4-446B-ADA3-B845404B6543}.Debug|ARM.Deploy.0 = Debug|ARM
		{C12B1B6C-54A4-446B-ADA3-B845404B6543}.Debug|iPhone.ActiveCfg = Debug|x86
		{C12B1B6C-54A4-446B-ADA3-B845404B6543}.Debug|iPhone.Build.0 = Debug|x86
		{C12B1B6C-54A4-446B-ADA3-B845404B6543}.Debug|iPhone.Deploy.0 = Debug|x86
		{C12B1B6C-54A4-446B-ADA3-B845404B6543}.Debug|iPhoneSimulator.ActiveCfg = Debug|x86
		{C12B1B6C-54A4-446B-ADA3-B845404B6543}.Debug|iPhoneSimulator.Build.0 = Debug|x86
		{C12B1B6C-54A4-446B-ADA3-B845404B6543}.Debug|iPhoneSimulator.Deploy.0 = Debug|x86
		{C12B1B6C-54A4-446B-ADA3-B845404B6543}.Debug|x64.ActiveCfg = Debug|x64
		{C12B1B6C-54A4-446B-ADA3-B845404B6543}.Debug|x64.Build.0 = Debug|x64
		{C12B1B6C-54A4-446B-ADA3-B845404B6543}.Debug|x64.Deploy.0 = Debug|x64
		{C12B1B6C-54A4-446B-ADA3-B845404B6543}.Debug|x86.ActiveCfg = Debug|x86
		{C12B1B6C-54A4-446B-ADA3-B845404B6543}.Debug|x86.Build.0 = Debug|x86
		{C12B1B6C-54A4-446B-ADA3-B845404B6543}.Debug|x86.Deploy.0 = Debug|x86
		{C12B1B6C-54A4-446B-ADA3-B845404B6543}.Release|Any CPU.ActiveCfg = Release|x86
		{C12B1B6C-54A4-446B-ADA3-B845404B6543}.Release|Any CPU.Build.0 = Release|x86
		{C12B1B6C-54A4-446B-ADA3-B845404B6543}.Release|Any CPU.Deploy.0 = Release|x86
		{C12B1B6C-54A4-446B-ADA3-B845404B6543}.Release|ARM.ActiveCfg = Release|ARM
		{C12B1B6C-54A4-446B-ADA3-B845404B6543}.Release|ARM.Build.0 = Release|ARM
		{C12B1B6C-54A4-446B-ADA3-B845404B6543}.Release|ARM.Deploy.0 = Release|ARM
		{C12B1B6C-54A4-446B-ADA3-B845404B6543}.Release|iPhone.ActiveCfg = Release|x86
		{C12B1B6C-54A4-446B-ADA3-B845404B6543}.Release|iPhone.Build.0 = Release|x86
		{C12B1B6C-54A4-446B-ADA3-B845404B6543}.Release|iPhone.Deploy.0 = Release|x86
		{C12B1B6C-54A4-446B-ADA3-B845404B6543}.Release|iPhoneSimulator.ActiveCfg = Release|x86
		{C12B1B6C-54A4-446B-ADA3-B845404B6543}.Release|iPhoneSimulator.Build.0 = Release|x86
		{C12B1B6C-54A4-446B-ADA3-B845404B6543}.Release|iPhoneSimulator.Deploy.0 = Release|x86
		{C12B1B6C-54A4-446B-ADA3-B845404B6543}.Release|x64.ActiveCfg = Release|x64
		{C12B1B6C-54A4-446B-ADA3-B845404B6543}.Release|x64.Build.0 = Release|x64
		{C12B1B6C-54A4-446B-ADA3-B845404B6543}.Release|x64.Deploy.0 = Release|x64
		{C12B1B6C-54A4-446B-ADA3-B845404B6543}.Release|x86.ActiveCfg = Release|x86
		{C12B1B6C-54A4-446B-ADA3-B845404B6543}.Release|x86.Build.0 = Release|x86
		{C12B1B6C-54A4-446B-ADA3-B845404B6543}.Release|x86.Deploy.0 = Release|x86
		{99E47234-F881-43EF-9780-C1F160E213DE}.Ad-Hoc|Any CPU.ActiveCfg = Debug|Any CPU
		{99E47234-F881-43EF-9780-C1F160E213DE}.Ad-Hoc|Any CPU.Build.0 = Debug|Any CPU
		{99E47234-F881-43EF-9780-C1F160E213DE}.Ad-Hoc|Any CPU.Deploy.0 = Debug|Any CPU
		{99E47234-F881-43EF-9780-C1F160E213DE}.Ad-Hoc|ARM.ActiveCfg = Debug|Any CPU
		{99E47234-F881-43EF-9780-C1F160E213DE}.Ad-Hoc|ARM.Build.0 = Debug|Any CPU
		{99E47234-F881-43EF-9780-C1F160E213DE}.Ad-Hoc|ARM.Deploy.0 = Debug|Any CPU
		{99E47234-F881-43EF-9780-C1F160E213DE}.Ad-Hoc|iPhone.ActiveCfg = Debug|Any CPU
		{99E47234-F881-43EF-9780-C1F160E213DE}.Ad-Hoc|iPhone.Build.0 = Debug|Any CPU
		{99E47234-F881-43EF-9780-C1F160E213DE}.Ad-Hoc|iPhone.Deploy.0 = Debug|Any CPU
		{99E47234-F881-43EF-9780-C1F160E213DE}.Ad-Hoc|iPhoneSimulator.ActiveCfg = Debug|Any CPU
		{99E47234-F881-43EF-9780-C1F160E213DE}.Ad-Hoc|iPhoneSimulator.Build.0 = Debug|Any CPU
		{99E47234-F881-43EF-9780-C1F160E213DE}.Ad-Hoc|iPhoneSimulator.Deploy.0 = Debug|Any CPU
		{99E47234-F881-43EF-9780-C1F160E213DE}.Ad-Hoc|x64.ActiveCfg = Debug|Any CPU
		{99E47234-F881-43EF-9780-C1F160E213DE}.Ad-Hoc|x64.Build.0 = Debug|Any CPU
		{99E47234-F881-43EF-9780-C1F160E213DE}.Ad-Hoc|x64.Deploy.0 = Debug|Any CPU
		{99E47234-F881-43EF-9780-C1F160E213DE}.Ad-Hoc|x86.ActiveCfg = Debug|Any CPU
		{99E47234-F881-43EF-9780-C1F160E213DE}.Ad-Hoc|x86.Build.0 = Debug|Any CPU
		{99E47234-F881-43EF-9780-C1F160E213DE}.Ad-Hoc|x86.Deploy.0 = Debug|Any CPU
		{99E47234-F881-43EF-9780-C1F160E213DE}.AppStore|Any CPU.ActiveCfg = Debug|Any CPU
		{99E47234-F881-43EF-9780-C1F160E213DE}.AppStore|Any CPU.Build.0 = Debug|Any CPU
		{99E47234-F881-43EF-9780-C1F160E213DE}.AppStore|Any CPU.Deploy.0 = Debug|Any CPU
		{99E47234-F881-43EF-9780-C1F160E213DE}.AppStore|ARM.ActiveCfg = Debug|Any CPU
		{99E47234-F881-43EF-9780-C1F160E213DE}.AppStore|ARM.Build.0 = Debug|Any CPU
		{99E47234-F881-43EF-9780-C1F160E213DE}.AppStore|ARM.Deploy.0 = Debug|Any CPU
		{99E47234-F881-43EF-9780-C1F160E213DE}.AppStore|iPhone.ActiveCfg = Debug|Any CPU
		{99E47234-F881-43EF-9780-C1F160E213DE}.AppStore|iPhone.Build.0 = Debug|Any CPU
		{99E47234-F881-43EF-9780-C1F160E213DE}.AppStore|iPhone.Deploy.0 = Debug|Any CPU
		{99E47234-F881-43EF-9780-C1F160E213DE}.AppStore|iPhoneSimulator.ActiveCfg = Debug|Any CPU
		{99E47234-F881-43EF-9780-C1F160E213DE}.AppStore|iPhoneSimulator.Build.0 = Debug|Any CPU
		{99E47234-F881-43EF-9780-C1F160E213DE}.AppStore|iPhoneSimulator.Deploy.0 = Debug|Any CPU
		{99E47234-F881-43EF-9780-C1F160E213DE}.AppStore|x64.ActiveCfg = Debug|Any CPU
		{99E47234-F881-43EF-9780-C1F160E213DE}.AppStore|x64.Build.0 = Debug|Any CPU
		{99E47234-F881-43EF-9780-C1F160E213DE}.AppStore|x64.Deploy.0 = Debug|Any CPU
		{99E47234-F881-43EF-9780-C1F160E213DE}.AppStore|x86.ActiveCfg = Debug|Any CPU
		{99E47234-F881-43EF-9780-C1F160E213DE}.AppStore|x86.Build.0 = Debug|Any CPU
		{99E47234-F881-43EF-9780-C1F160E213DE}.AppStore|x86.Deploy.0 = Debug|Any CPU
		{99E47234-F881-43EF-9780-C1F160E213DE}.Debug|Any CPU.ActiveCfg = Debug|Any CPU
		{99E47234-F881-43EF-9780-C1F160E213DE}.Debug|Any CPU.Build.0 = Debug|Any CPU
		{99E47234-F881-43EF-9780-C1F160E213DE}.Debug|Any CPU.Deploy.0 = Debug|Any CPU
		{99E47234-F881-43EF-9780-C1F160E213DE}.Debug|ARM.ActiveCfg = Debug|Any CPU
		{99E47234-F881-43EF-9780-C1F160E213DE}.Debug|ARM.Build.0 = Debug|Any CPU
		{99E47234-F881-43EF-9780-C1F160E213DE}.Debug|ARM.Deploy.0 = Debug|Any CPU
		{99E47234-F881-43EF-9780-C1F160E213DE}.Debug|iPhone.ActiveCfg = Debug|Any CPU
		{99E47234-F881-43EF-9780-C1F160E213DE}.Debug|iPhone.Build.0 = Debug|Any CPU
		{99E47234-F881-43EF-9780-C1F160E213DE}.Debug|iPhone.Deploy.0 = Debug|Any CPU
		{99E47234-F881-43EF-9780-C1F160E213DE}.Debug|iPhoneSimulator.ActiveCfg = Debug|Any CPU
		{99E47234-F881-43EF-9780-C1F160E213DE}.Debug|iPhoneSimulator.Build.0 = Debug|Any CPU
		{99E47234-F881-43EF-9780-C1F160E213DE}.Debug|iPhoneSimulator.Deploy.0 = Debug|Any CPU
		{99E47234-F881-43EF-9780-C1F160E213DE}.Debug|x64.ActiveCfg = Debug|Any CPU
		{99E47234-F881-43EF-9780-C1F160E213DE}.Debug|x64.Build.0 = Debug|Any CPU
		{99E47234-F881-43EF-9780-C1F160E213DE}.Debug|x64.Deploy.0 = Debug|Any CPU
		{99E47234-F881-43EF-9780-C1F160E213DE}.Debug|x86.ActiveCfg = Debug|Any CPU
		{99E47234-F881-43EF-9780-C1F160E213DE}.Debug|x86.Build.0 = Debug|Any CPU
		{99E47234-F881-43EF-9780-C1F160E213DE}.Debug|x86.Deploy.0 = Debug|Any CPU
		{99E47234-F881-43EF-9780-C1F160E213DE}.Release|Any CPU.ActiveCfg = Release|Any CPU
		{99E47234-F881-43EF-9780-C1F160E213DE}.Release|Any CPU.Build.0 = Release|Any CPU
		{99E47234-F881-43EF-9780-C1F160E213DE}.Release|Any CPU.Deploy.0 = Release|Any CPU
		{99E47234-F881-43EF-9780-C1F160E213DE}.Release|ARM.ActiveCfg = Release|Any CPU
		{99E47234-F881-43EF-9780-C1F160E213DE}.Release|ARM.Build.0 = Release|Any CPU
		{99E47234-F881-43EF-9780-C1F160E213DE}.Release|ARM.Deploy.0 = Release|Any CPU
		{99E47234-F881-43EF-9780-C1F160E213DE}.Release|iPhone.ActiveCfg = Release|Any CPU
		{99E47234-F881-43EF-9780-C1F160E213DE}.Release|iPhone.Build.0 = Release|Any CPU
		{99E47234-F881-43EF-9780-C1F160E213DE}.Release|iPhone.Deploy.0 = Release|Any CPU
		{99E47234-F881-43EF-9780-C1F160E213DE}.Release|iPhoneSimulator.ActiveCfg = Release|Any CPU
		{99E47234-F881-43EF-9780-C1F160E213DE}.Release|iPhoneSimulator.Build.0 = Release|Any CPU
		{99E47234-F881-43EF-9780-C1F160E213DE}.Release|iPhoneSimulator.Deploy.0 = Release|Any CPU
		{99E47234-F881-43EF-9780-C1F160E213DE}.Release|x64.ActiveCfg = Release|Any CPU
		{99E47234-F881-43EF-9780-C1F160E213DE}.Release|x64.Build.0 = Release|Any CPU
		{99E47234-F881-43EF-9780-C1F160E213DE}.Release|x64.Deploy.0 = Release|Any CPU
		{99E47234-F881-43EF-9780-C1F160E213DE}.Release|x86.ActiveCfg = Release|Any CPU
		{99E47234-F881-43EF-9780-C1F160E213DE}.Release|x86.Build.0 = Release|Any CPU
		{99E47234-F881-43EF-9780-C1F160E213DE}.Release|x86.Deploy.0 = Release|Any CPU
	EndGlobalSection
	GlobalSection(SolutionProperties) = preSolution
		HideSolutionNode = FALSE
	EndGlobalSection
	GlobalSection(ExtensibilityGlobals) = postSolution
		SolutionGuid = {BC9316F3-FFD5-4928-9A3B-2A81F945B725}
	EndGlobalSection
EndGlobal
